
Microsoft Visual Studio Solution File, Format Version 12.00
# Visual Studio Version 16
VisualStudioVersion = 16.0.29920.165
MinimumVisualStudioVersion = 10.0.40219.1
Project("{FAE04EC0-301F-11D3-BF4B-00C04F79EFBC}") = "HTTP Practice", "HTTP Practice\HTTP Practice.csproj", "{3914A82E-B505-4373-A025-8D5CB9AF6480}"
EndProject
Global
	GlobalSection(SolutionConfigurationPlatforms) = preSolution
		Debug|Any CPU = Debug|Any CPU
		Release|Any CPU = Release|Any CPU
	EndGlobalSection
	GlobalSection(ProjectConfigurationPlatforms) = postSolution
		{3914A82E-B505-4373-A025-8D5CB9AF6480}.Debug|Any CPU.ActiveCfg = Debug|Any CPU
		{3914A82E-B505-4373-A025-8D5CB9AF6480}.Debug|Any CPU.Build.0 = Debug|Any CPU
		{3914A82E-B505-4373-A025-8D5CB9AF6480}.Release|Any CPU.ActiveCfg = Release|Any CPU
		{3914A82E-B505-4373-A025-8D5CB9AF6480}.Release|Any CPU.Build.0 = Release|Any CPU
	EndGlobalSection
	GlobalSection(SolutionProperties) = preSolution
		HideSolutionNode = FALSE
	EndGlobalSection
	GlobalSection(ExtensibilityGlobals) = postSolution
		SolutionGuid = {1F8A728A-BBE4-4B31-9701-6D6E71107F60}
	EndGlobalSection
EndGlobal
